// !$*UTF8*$!
{
	archiveVersion = 1;
	classes = {
	};
	objectVersion = 50;
	objects = {

/* Begin PBXBuildFile section */
		380D232B21C5BA7F0036D1B1 /* MainCollectionView.swift in Sources */ = {isa = PBXBuildFile; fileRef = 380D232A21C5BA7F0036D1B1 /* MainCollectionView.swift */; };
		380D232F21C5F39D0036D1B1 /* Apple Chancery.ttf in Resources */ = {isa = PBXBuildFile; fileRef = 380D232E21C5F39D0036D1B1 /* Apple Chancery.ttf */; };
		3814F39721C34A1400CCE1EE /* SearchSecondViewCell.swift in Sources */ = {isa = PBXBuildFile; fileRef = 3814F39621C34A1400CCE1EE /* SearchSecondViewCell.swift */; };
		3814F39921C358A000CCE1EE /* MineHead.swift in Sources */ = {isa = PBXBuildFile; fileRef = 3814F39821C358A000CCE1EE /* MineHead.swift */; };
		3814F39E21C3593A00CCE1EE /* ParallaxHeader.swift in Sources */ = {isa = PBXBuildFile; fileRef = 3814F39B21C3593A00CCE1EE /* ParallaxHeader.swift */; };
		3814F39F21C3593A00CCE1EE /* ParallaxHeaderMode.swift in Sources */ = {isa = PBXBuildFile; fileRef = 3814F39C21C3593A00CCE1EE /* ParallaxHeaderMode.swift */; };
		3814F3A021C3593A00CCE1EE /* UIScrollView+ParallaxHeader.swift in Sources */ = {isa = PBXBuildFile; fileRef = 3814F39D21C3593A00CCE1EE /* UIScrollView+ParallaxHeader.swift */; };
		38595EC421C5FD5D00A20673 /* MainHeaderViewModel.swift in Sources */ = {isa = PBXBuildFile; fileRef = 38595EC321C5FD5D00A20673 /* MainHeaderViewModel.swift */; };
		38595EC621C5FD6D00A20673 /* MainCollectionViewModel.swift in Sources */ = {isa = PBXBuildFile; fileRef = 38595EC521C5FD6D00A20673 /* MainCollectionViewModel.swift */; };
		38595EC821C5FD7900A20673 /* MainTableViewModel.swift in Sources */ = {isa = PBXBuildFile; fileRef = 38595EC721C5FD7900A20673 /* MainTableViewModel.swift */; };
		38595ECA21C5FDAA00A20673 /* HeaderModel.swift in Sources */ = {isa = PBXBuildFile; fileRef = 38595EC921C5FDAA00A20673 /* HeaderModel.swift */; };
		38595ECC21C5FDB200A20673 /* CollectionModel.swift in Sources */ = {isa = PBXBuildFile; fileRef = 38595ECB21C5FDB200A20673 /* CollectionModel.swift */; };
		38595ECE21C5FDB800A20673 /* TableModel.swift in Sources */ = {isa = PBXBuildFile; fileRef = 38595ECD21C5FDB800A20673 /* TableModel.swift */; };
		A43F699D21C2E7A1005F8C1F /* AppDelegate.swift in Sources */ = {isa = PBXBuildFile; fileRef = A43F699C21C2E7A1005F8C1F /* AppDelegate.swift */; };
		A43F699F21C2E7A1005F8C1F /* MainViewController.swift in Sources */ = {isa = PBXBuildFile; fileRef = A43F699E21C2E7A1005F8C1F /* MainViewController.swift */; };
		A43F69A421C2E7A4005F8C1F /* Assets.xcassets in Resources */ = {isa = PBXBuildFile; fileRef = A43F69A321C2E7A4005F8C1F /* Assets.xcassets */; };
		A43F69A721C2E7A4005F8C1F /* LaunchScreen.storyboard in Resources */ = {isa = PBXBuildFile; fileRef = A43F69A521C2E7A4005F8C1F /* LaunchScreen.storyboard */; };
		A43F69B221C2E7A4005F8C1F /* Carloudy_WeatherTests.swift in Sources */ = {isa = PBXBuildFile; fileRef = A43F69B121C2E7A4005F8C1F /* Carloudy_WeatherTests.swift */; };
		A43F69BE21C2F18B005F8C1F /* Extension.swift in Sources */ = {isa = PBXBuildFile; fileRef = A43F69BD21C2F18B005F8C1F /* Extension.swift */; };
		A43F69C121C2F367005F8C1F /* SettingViewController.swift in Sources */ = {isa = PBXBuildFile; fileRef = A43F69C021C2F367005F8C1F /* SettingViewController.swift */; };
		A43F69C421C2F41B005F8C1F /* SearchViewController.swift in Sources */ = {isa = PBXBuildFile; fileRef = A43F69C321C2F41B005F8C1F /* SearchViewController.swift */; };
		A43F69C821C2F856005F8C1F /* SearchFirstViewCell.swift in Sources */ = {isa = PBXBuildFile; fileRef = A43F69C721C2F856005F8C1F /* SearchFirstViewCell.swift */; };
		A43F69CA21C2F8C7005F8C1F /* Commons_API.swift in Sources */ = {isa = PBXBuildFile; fileRef = A43F69C921C2F8C7005F8C1F /* Commons_API.swift */; };
		A43F69CE21C2FE53005F8C1F /* NetworkTools.swift in Sources */ = {isa = PBXBuildFile; fileRef = A43F69CD21C2FE53005F8C1F /* NetworkTools.swift */; };
		A43F69D021C301E1005F8C1F /* SearchViewModel.swift in Sources */ = {isa = PBXBuildFile; fileRef = A43F69CF21C301E1005F8C1F /* SearchViewModel.swift */; };
		A43F69D221C30204005F8C1F /* SearchModel.swift in Sources */ = {isa = PBXBuildFile; fileRef = A43F69D121C30204005F8C1F /* SearchModel.swift */; };
		A43F69D521C419B5005F8C1F /* PageTitleView.swift in Sources */ = {isa = PBXBuildFile; fileRef = A43F69D421C419B5005F8C1F /* PageTitleView.swift */; };
		A43F69D721C4226B005F8C1F /* MainContentView.swift in Sources */ = {isa = PBXBuildFile; fileRef = A43F69D621C4226B005F8C1F /* MainContentView.swift */; };
		A43F69D921C43E99005F8C1F /* MainContentViewHeader.swift in Sources */ = {isa = PBXBuildFile; fileRef = A43F69D821C43E99005F8C1F /* MainContentViewHeader.swift */; };
		A43F69DB21C446FA005F8C1F /* MainContentViewCell.swift in Sources */ = {isa = PBXBuildFile; fileRef = A43F69DA21C446FA005F8C1F /* MainContentViewCell.swift */; };
		A43F69E021C455E1005F8C1F /* MainContentTableViewCell.swift in Sources */ = {isa = PBXBuildFile; fileRef = A43F69DE21C455E1005F8C1F /* MainContentTableViewCell.swift */; };
		A43F69E121C455E1005F8C1F /* MainContentTableViewCell.xib in Resources */ = {isa = PBXBuildFile; fileRef = A43F69DF21C455E1005F8C1F /* MainContentTableViewCell.xib */; };
		A43F69E321C45885005F8C1F /* MainContentTableView.swift in Sources */ = {isa = PBXBuildFile; fileRef = A43F69E221C45885005F8C1F /* MainContentTableView.swift */; };
		A43F6A1121C82FC3005F8C1F /* BaseViewController.swift in Sources */ = {isa = PBXBuildFile; fileRef = A43F6A1021C82FC3005F8C1F /* BaseViewController.swift */; };
		A45112D721C84F38003783D1 /* UnitViewController.swift in Sources */ = {isa = PBXBuildFile; fileRef = A45112D621C84F38003783D1 /* UnitViewController.swift */; };
		A45112D921C85909003783D1 /* Commons_variable.swift in Sources */ = {isa = PBXBuildFile; fileRef = A45112D821C85909003783D1 /* Commons_variable.swift */; };
		DF855B732618410A2E63801D /* Pods_Carloudy_WeatherTests.framework in Frameworks */ = {isa = PBXBuildFile; fileRef = 00D0B573E78F15812736D4F9 /* Pods_Carloudy_WeatherTests.framework */; };
		FDF5CC4BA13925C7C1A78153 /* Pods_Carloudy_Weather.framework in Frameworks */ = {isa = PBXBuildFile; fileRef = 788147FB990BCF776A4A069A /* Pods_Carloudy_Weather.framework */; };
/* End PBXBuildFile section */

/* Begin PBXContainerItemProxy section */
		A43F69AE21C2E7A4005F8C1F /* PBXContainerItemProxy */ = {
			isa = PBXContainerItemProxy;
			containerPortal = A43F699121C2E7A1005F8C1F /* Project object */;
			proxyType = 1;
			remoteGlobalIDString = A43F699821C2E7A1005F8C1F;
			remoteInfo = "Carloudy-Weather";
		};
/* End PBXContainerItemProxy section */

/* Begin PBXFileReference section */
		00D0B573E78F15812736D4F9 /* Pods_Carloudy_WeatherTests.framework */ = {isa = PBXFileReference; explicitFileType = wrapper.framework; includeInIndex = 0; path = Pods_Carloudy_WeatherTests.framework; sourceTree = BUILT_PRODUCTS_DIR; };
		380D232A21C5BA7F0036D1B1 /* MainCollectionView.swift */ = {isa = PBXFileReference; lastKnownFileType = sourcecode.swift; path = MainCollectionView.swift; sourceTree = "<group>"; };
		380D232E21C5F39D0036D1B1 /* Apple Chancery.ttf */ = {isa = PBXFileReference; lastKnownFileType = file; path = "Apple Chancery.ttf"; sourceTree = "<group>"; };
		3814F39621C34A1400CCE1EE /* SearchSecondViewCell.swift */ = {isa = PBXFileReference; lastKnownFileType = sourcecode.swift; path = SearchSecondViewCell.swift; sourceTree = "<group>"; };
		3814F39821C358A000CCE1EE /* MineHead.swift */ = {isa = PBXFileReference; lastKnownFileType = sourcecode.swift; path = MineHead.swift; sourceTree = "<group>"; };
		3814F39B21C3593A00CCE1EE /* ParallaxHeader.swift */ = {isa = PBXFileReference; fileEncoding = 4; lastKnownFileType = sourcecode.swift; path = ParallaxHeader.swift; sourceTree = "<group>"; };
		3814F39C21C3593A00CCE1EE /* ParallaxHeaderMode.swift */ = {isa = PBXFileReference; fileEncoding = 4; lastKnownFileType = sourcecode.swift; path = ParallaxHeaderMode.swift; sourceTree = "<group>"; };
		3814F39D21C3593A00CCE1EE /* UIScrollView+ParallaxHeader.swift */ = {isa = PBXFileReference; fileEncoding = 4; lastKnownFileType = sourcecode.swift; path = "UIScrollView+ParallaxHeader.swift"; sourceTree = "<group>"; };
		38595EC321C5FD5D00A20673 /* MainHeaderViewModel.swift */ = {isa = PBXFileReference; lastKnownFileType = sourcecode.swift; path = MainHeaderViewModel.swift; sourceTree = "<group>"; };
		38595EC521C5FD6D00A20673 /* MainCollectionViewModel.swift */ = {isa = PBXFileReference; lastKnownFileType = sourcecode.swift; path = MainCollectionViewModel.swift; sourceTree = "<group>"; };
		38595EC721C5FD7900A20673 /* MainTableViewModel.swift */ = {isa = PBXFileReference; lastKnownFileType = sourcecode.swift; path = MainTableViewModel.swift; sourceTree = "<group>"; };
		38595EC921C5FDAA00A20673 /* HeaderModel.swift */ = {isa = PBXFileReference; lastKnownFileType = sourcecode.swift; path = HeaderModel.swift; sourceTree = "<group>"; };
		38595ECB21C5FDB200A20673 /* CollectionModel.swift */ = {isa = PBXFileReference; lastKnownFileType = sourcecode.swift; path = CollectionModel.swift; sourceTree = "<group>"; };
		38595ECD21C5FDB800A20673 /* TableModel.swift */ = {isa = PBXFileReference; lastKnownFileType = sourcecode.swift; path = TableModel.swift; sourceTree = "<group>"; };
		4107A6594C144F16C5C81E7E /* Pods-Carloudy-Weather.debug.xcconfig */ = {isa = PBXFileReference; includeInIndex = 1; lastKnownFileType = text.xcconfig; name = "Pods-Carloudy-Weather.debug.xcconfig"; path = "Pods/Target Support Files/Pods-Carloudy-Weather/Pods-Carloudy-Weather.debug.xcconfig"; sourceTree = "<group>"; };
		6D89F284ACA709506FBDFA38 /* Pods-Carloudy-WeatherTests.release.xcconfig */ = {isa = PBXFileReference; includeInIndex = 1; lastKnownFileType = text.xcconfig; name = "Pods-Carloudy-WeatherTests.release.xcconfig"; path = "Pods/Target Support Files/Pods-Carloudy-WeatherTests/Pods-Carloudy-WeatherTests.release.xcconfig"; sourceTree = "<group>"; };
		788147FB990BCF776A4A069A /* Pods_Carloudy_Weather.framework */ = {isa = PBXFileReference; explicitFileType = wrapper.framework; includeInIndex = 0; path = Pods_Carloudy_Weather.framework; sourceTree = BUILT_PRODUCTS_DIR; };
		A43F699921C2E7A1005F8C1F /* Carloudy-Weather.app */ = {isa = PBXFileReference; explicitFileType = wrapper.application; includeInIndex = 0; path = "Carloudy-Weather.app"; sourceTree = BUILT_PRODUCTS_DIR; };
		A43F699C21C2E7A1005F8C1F /* AppDelegate.swift */ = {isa = PBXFileReference; lastKnownFileType = sourcecode.swift; path = AppDelegate.swift; sourceTree = "<group>"; };
		A43F699E21C2E7A1005F8C1F /* MainViewController.swift */ = {isa = PBXFileReference; lastKnownFileType = sourcecode.swift; path = MainViewController.swift; sourceTree = "<group>"; };
		A43F69A321C2E7A4005F8C1F /* Assets.xcassets */ = {isa = PBXFileReference; lastKnownFileType = folder.assetcatalog; path = Assets.xcassets; sourceTree = "<group>"; };
		A43F69A621C2E7A4005F8C1F /* Base */ = {isa = PBXFileReference; lastKnownFileType = file.storyboard; name = Base; path = Base.lproj/LaunchScreen.storyboard; sourceTree = "<group>"; };
		A43F69A821C2E7A4005F8C1F /* Info.plist */ = {isa = PBXFileReference; lastKnownFileType = text.plist.xml; path = Info.plist; sourceTree = "<group>"; };
		A43F69AD21C2E7A4005F8C1F /* Carloudy-WeatherTests.xctest */ = {isa = PBXFileReference; explicitFileType = wrapper.cfbundle; includeInIndex = 0; path = "Carloudy-WeatherTests.xctest"; sourceTree = BUILT_PRODUCTS_DIR; };
		A43F69B121C2E7A4005F8C1F /* Carloudy_WeatherTests.swift */ = {isa = PBXFileReference; lastKnownFileType = sourcecode.swift; path = Carloudy_WeatherTests.swift; sourceTree = "<group>"; };
		A43F69B321C2E7A4005F8C1F /* Info.plist */ = {isa = PBXFileReference; lastKnownFileType = text.plist.xml; path = Info.plist; sourceTree = "<group>"; };
		A43F69BD21C2F18B005F8C1F /* Extension.swift */ = {isa = PBXFileReference; lastKnownFileType = sourcecode.swift; path = Extension.swift; sourceTree = "<group>"; };
		A43F69C021C2F367005F8C1F /* SettingViewController.swift */ = {isa = PBXFileReference; lastKnownFileType = sourcecode.swift; path = SettingViewController.swift; sourceTree = "<group>"; };
		A43F69C321C2F41B005F8C1F /* SearchViewController.swift */ = {isa = PBXFileReference; lastKnownFileType = sourcecode.swift; path = SearchViewController.swift; sourceTree = "<group>"; };
		A43F69C721C2F856005F8C1F /* SearchFirstViewCell.swift */ = {isa = PBXFileReference; lastKnownFileType = sourcecode.swift; path = SearchFirstViewCell.swift; sourceTree = "<group>"; };
		A43F69C921C2F8C7005F8C1F /* Commons_API.swift */ = {isa = PBXFileReference; lastKnownFileType = sourcecode.swift; path = Commons_API.swift; sourceTree = "<group>"; };
		A43F69CD21C2FE53005F8C1F /* NetworkTools.swift */ = {isa = PBXFileReference; lastKnownFileType = sourcecode.swift; path = NetworkTools.swift; sourceTree = "<group>"; };
		A43F69CF21C301E1005F8C1F /* SearchViewModel.swift */ = {isa = PBXFileReference; lastKnownFileType = sourcecode.swift; path = SearchViewModel.swift; sourceTree = "<group>"; };
		A43F69D121C30204005F8C1F /* SearchModel.swift */ = {isa = PBXFileReference; lastKnownFileType = sourcecode.swift; path = SearchModel.swift; sourceTree = "<group>"; };
		A43F69D421C419B5005F8C1F /* PageTitleView.swift */ = {isa = PBXFileReference; fileEncoding = 4; lastKnownFileType = sourcecode.swift; path = PageTitleView.swift; sourceTree = "<group>"; };
		A43F69D621C4226B005F8C1F /* MainContentView.swift */ = {isa = PBXFileReference; lastKnownFileType = sourcecode.swift; path = MainContentView.swift; sourceTree = "<group>"; };
		A43F69D821C43E99005F8C1F /* MainContentViewHeader.swift */ = {isa = PBXFileReference; lastKnownFileType = sourcecode.swift; path = MainContentViewHeader.swift; sourceTree = "<group>"; };
		A43F69DA21C446FA005F8C1F /* MainContentViewCell.swift */ = {isa = PBXFileReference; lastKnownFileType = sourcecode.swift; path = MainContentViewCell.swift; sourceTree = "<group>"; };
		A43F69DE21C455E1005F8C1F /* MainContentTableViewCell.swift */ = {isa = PBXFileReference; lastKnownFileType = sourcecode.swift; path = MainContentTableViewCell.swift; sourceTree = "<group>"; };
		A43F69DF21C455E1005F8C1F /* MainContentTableViewCell.xib */ = {isa = PBXFileReference; lastKnownFileType = file.xib; path = MainContentTableViewCell.xib; sourceTree = "<group>"; };
		A43F69E221C45885005F8C1F /* MainContentTableView.swift */ = {isa = PBXFileReference; lastKnownFileType = sourcecode.swift; path = MainContentTableView.swift; sourceTree = "<group>"; };
		A43F6A1021C82FC3005F8C1F /* BaseViewController.swift */ = {isa = PBXFileReference; lastKnownFileType = sourcecode.swift; path = BaseViewController.swift; sourceTree = "<group>"; };
		A45112D621C84F38003783D1 /* UnitViewController.swift */ = {isa = PBXFileReference; lastKnownFileType = sourcecode.swift; path = UnitViewController.swift; sourceTree = "<group>"; };
		A45112D821C85909003783D1 /* Commons_variable.swift */ = {isa = PBXFileReference; lastKnownFileType = sourcecode.swift; path = Commons_variable.swift; sourceTree = "<group>"; };
		B01233311F248FE756306118 /* Pods-Carloudy-WeatherTests.debug.xcconfig */ = {isa = PBXFileReference; includeInIndex = 1; lastKnownFileType = text.xcconfig; name = "Pods-Carloudy-WeatherTests.debug.xcconfig"; path = "Pods/Target Support Files/Pods-Carloudy-WeatherTests/Pods-Carloudy-WeatherTests.debug.xcconfig"; sourceTree = "<group>"; };
		B574C23964FB71F98B3E4FF6 /* Pods-Carloudy-Weather.release.xcconfig */ = {isa = PBXFileReference; includeInIndex = 1; lastKnownFileType = text.xcconfig; name = "Pods-Carloudy-Weather.release.xcconfig"; path = "Pods/Target Support Files/Pods-Carloudy-Weather/Pods-Carloudy-Weather.release.xcconfig"; sourceTree = "<group>"; };
/* End PBXFileReference section */

/* Begin PBXFrameworksBuildPhase section */
		A43F699621C2E7A1005F8C1F /* Frameworks */ = {
			isa = PBXFrameworksBuildPhase;
			buildActionMask = 2147483647;
			files = (
				FDF5CC4BA13925C7C1A78153 /* Pods_Carloudy_Weather.framework in Frameworks */,
			);
			runOnlyForDeploymentPostprocessing = 0;
		};
		A43F69AA21C2E7A4005F8C1F /* Frameworks */ = {
			isa = PBXFrameworksBuildPhase;
			buildActionMask = 2147483647;
			files = (
				DF855B732618410A2E63801D /* Pods_Carloudy_WeatherTests.framework in Frameworks */,
			);
			runOnlyForDeploymentPostprocessing = 0;
		};
/* End PBXFrameworksBuildPhase section */

/* Begin PBXGroup section */
		380D232C21C5C0640036D1B1 /* ViewController */ = {
			isa = PBXGroup;
			children = (
				A43F699E21C2E7A1005F8C1F /* MainViewController.swift */,
				A43F6A1021C82FC3005F8C1F /* BaseViewController.swift */,
			);
			path = ViewController;
			sourceTree = "<group>";
		};
		380D232D21C5C0710036D1B1 /* View */ = {
			isa = PBXGroup;
			children = (
				A43F69D421C419B5005F8C1F /* PageTitleView.swift */,
				A43F69D621C4226B005F8C1F /* MainContentView.swift */,
				A43F69D821C43E99005F8C1F /* MainContentViewHeader.swift */,
				380D232A21C5BA7F0036D1B1 /* MainCollectionView.swift */,
				A43F69DA21C446FA005F8C1F /* MainContentViewCell.swift */,
				A43F69E221C45885005F8C1F /* MainContentTableView.swift */,
				A43F69DE21C455E1005F8C1F /* MainContentTableViewCell.swift */,
				A43F69DF21C455E1005F8C1F /* MainContentTableViewCell.xib */,
			);
			path = View;
			sourceTree = "<group>";
		};
		3814F39A21C3593A00CCE1EE /* ParallaxHeader */ = {
			isa = PBXGroup;
			children = (
				3814F39B21C3593A00CCE1EE /* ParallaxHeader.swift */,
				3814F39C21C3593A00CCE1EE /* ParallaxHeaderMode.swift */,
				3814F39D21C3593A00CCE1EE /* UIScrollView+ParallaxHeader.swift */,
			);
			path = ParallaxHeader;
			sourceTree = "<group>";
		};
		38595EC121C5FD1A00A20673 /* Model */ = {
			isa = PBXGroup;
			children = (
				38595EC921C5FDAA00A20673 /* HeaderModel.swift */,
				38595ECB21C5FDB200A20673 /* CollectionModel.swift */,
				38595ECD21C5FDB800A20673 /* TableModel.swift */,
			);
			path = Model;
			sourceTree = "<group>";
		};
		38595EC221C5FD2600A20673 /* ViewModel */ = {
			isa = PBXGroup;
			children = (
				38595EC321C5FD5D00A20673 /* MainHeaderViewModel.swift */,
				38595EC521C5FD6D00A20673 /* MainCollectionViewModel.swift */,
				38595EC721C5FD7900A20673 /* MainTableViewModel.swift */,
			);
			path = ViewModel;
			sourceTree = "<group>";
		};
		4602C311201AAC666F6DE357 /* Frameworks */ = {
			isa = PBXGroup;
			children = (
				788147FB990BCF776A4A069A /* Pods_Carloudy_Weather.framework */,
				00D0B573E78F15812736D4F9 /* Pods_Carloudy_WeatherTests.framework */,
			);
			name = Frameworks;
			sourceTree = "<group>";
		};
		781111FDA1E44F4E88F844B6 /* Pods */ = {
			isa = PBXGroup;
			children = (
				4107A6594C144F16C5C81E7E /* Pods-Carloudy-Weather.debug.xcconfig */,
				B574C23964FB71F98B3E4FF6 /* Pods-Carloudy-Weather.release.xcconfig */,
				B01233311F248FE756306118 /* Pods-Carloudy-WeatherTests.debug.xcconfig */,
				6D89F284ACA709506FBDFA38 /* Pods-Carloudy-WeatherTests.release.xcconfig */,
			);
			name = Pods;
			sourceTree = "<group>";
		};
		A43F699021C2E7A1005F8C1F = {
			isa = PBXGroup;
			children = (
				A43F699B21C2E7A1005F8C1F /* Carloudy-Weather */,
				A43F69B021C2E7A4005F8C1F /* Carloudy-WeatherTests */,
				A43F699A21C2E7A1005F8C1F /* Products */,
				781111FDA1E44F4E88F844B6 /* Pods */,
				4602C311201AAC666F6DE357 /* Frameworks */,
			);
			sourceTree = "<group>";
		};
		A43F699A21C2E7A1005F8C1F /* Products */ = {
			isa = PBXGroup;
			children = (
				A43F699921C2E7A1005F8C1F /* Carloudy-Weather.app */,
				A43F69AD21C2E7A4005F8C1F /* Carloudy-WeatherTests.xctest */,
			);
			name = Products;
			sourceTree = "<group>";
		};
		A43F699B21C2E7A1005F8C1F /* Carloudy-Weather */ = {
			isa = PBXGroup;
			children = (
				3814F39A21C3593A00CCE1EE /* ParallaxHeader */,
				A43F69D321C419A1005F8C1F /* MainViewController */,
				A43F69C221C2F406005F8C1F /* SearchViewController */,
				A43F69BF21C2F33C005F8C1F /* SettingViewController */,
				A43F69BC21C2F15C005F8C1F /* Ultis */,
				A43F699C21C2E7A1005F8C1F /* AppDelegate.swift */,
				A43F69A321C2E7A4005F8C1F /* Assets.xcassets */,
				A43F69A521C2E7A4005F8C1F /* LaunchScreen.storyboard */,
				380D232E21C5F39D0036D1B1 /* Apple Chancery.ttf */,
				A43F69A821C2E7A4005F8C1F /* Info.plist */,
			);
			path = "Carloudy-Weather";
			sourceTree = "<group>";
		};
		A43F69B021C2E7A4005F8C1F /* Carloudy-WeatherTests */ = {
			isa = PBXGroup;
			children = (
				A43F69B121C2E7A4005F8C1F /* Carloudy_WeatherTests.swift */,
				A43F69B321C2E7A4005F8C1F /* Info.plist */,
			);
			path = "Carloudy-WeatherTests";
			sourceTree = "<group>";
		};
		A43F69BC21C2F15C005F8C1F /* Ultis */ = {
			isa = PBXGroup;
			children = (
				A43F69BD21C2F18B005F8C1F /* Extension.swift */,
				A45112D821C85909003783D1 /* Commons_variable.swift */,
				A43F69C921C2F8C7005F8C1F /* Commons_API.swift */,
				A43F69CD21C2FE53005F8C1F /* NetworkTools.swift */,
			);
			path = Ultis;
			sourceTree = "<group>";
		};
		A43F69BF21C2F33C005F8C1F /* SettingViewController */ = {
			isa = PBXGroup;
			children = (
				A43F69C021C2F367005F8C1F /* SettingViewController.swift */,
				3814F39821C358A000CCE1EE /* MineHead.swift */,
				A45112D621C84F38003783D1 /* UnitViewController.swift */,
			);
			path = SettingViewController;
			sourceTree = "<group>";
		};
		A43F69C221C2F406005F8C1F /* SearchViewController */ = {
			isa = PBXGroup;
			children = (
				A43F69CC21C2FCA8005F8C1F /* ViewModel */,
				A43F69CB21C2FC98005F8C1F /* Model */,
				A43F69C621C2F837005F8C1F /* View */,
				A43F69C521C2F822005F8C1F /* ViewController */,
			);
			path = SearchViewController;
			sourceTree = "<group>";
		};
		A43F69C521C2F822005F8C1F /* ViewController */ = {
			isa = PBXGroup;
			children = (
				A43F69C321C2F41B005F8C1F /* SearchViewController.swift */,
			);
			path = ViewController;
			sourceTree = "<group>";
		};
		A43F69C621C2F837005F8C1F /* View */ = {
			isa = PBXGroup;
			children = (
				A43F69C721C2F856005F8C1F /* SearchFirstViewCell.swift */,
				3814F39621C34A1400CCE1EE /* SearchSecondViewCell.swift */,
			);
			path = View;
			sourceTree = "<group>";
		};
		A43F69CB21C2FC98005F8C1F /* Model */ = {
			isa = PBXGroup;
			children = (
				A43F69D121C30204005F8C1F /* SearchModel.swift */,
			);
			path = Model;
			sourceTree = "<group>";
		};
		A43F69CC21C2FCA8005F8C1F /* ViewModel */ = {
			isa = PBXGroup;
			children = (
				A43F69CF21C301E1005F8C1F /* SearchViewModel.swift */,
			);
			path = ViewModel;
			sourceTree = "<group>";
		};
		A43F69D321C419A1005F8C1F /* MainViewController */ = {
			isa = PBXGroup;
			children = (
				38595EC221C5FD2600A20673 /* ViewModel */,
				38595EC121C5FD1A00A20673 /* Model */,
				380D232C21C5C0640036D1B1 /* ViewController */,
				380D232D21C5C0710036D1B1 /* View */,
			);
			path = MainViewController;
			sourceTree = "<group>";
		};
/* End PBXGroup section */

/* Begin PBXNativeTarget section */
		A43F699821C2E7A1005F8C1F /* Carloudy-Weather */ = {
			isa = PBXNativeTarget;
			buildConfigurationList = A43F69B621C2E7A4005F8C1F /* Build configuration list for PBXNativeTarget "Carloudy-Weather" */;
			buildPhases = (
				C9B1DA84A484758E97F0A999 /* [CP] Check Pods Manifest.lock */,
				A43F699521C2E7A1005F8C1F /* Sources */,
				A43F699621C2E7A1005F8C1F /* Frameworks */,
				A43F699721C2E7A1005F8C1F /* Resources */,
				165C3BE4F50FA4AB1986BC26 /* [CP] Embed Pods Frameworks */,
			);
			buildRules = (
			);
			dependencies = (
			);
			name = "Carloudy-Weather";
			productName = "Carloudy-Weather";
			productReference = A43F699921C2E7A1005F8C1F /* Carloudy-Weather.app */;
			productType = "com.apple.product-type.application";
		};
		A43F69AC21C2E7A4005F8C1F /* Carloudy-WeatherTests */ = {
			isa = PBXNativeTarget;
			buildConfigurationList = A43F69B921C2E7A4005F8C1F /* Build configuration list for PBXNativeTarget "Carloudy-WeatherTests" */;
			buildPhases = (
				529E60F57BEF1C85C9A52FD8 /* [CP] Check Pods Manifest.lock */,
				A43F69A921C2E7A4005F8C1F /* Sources */,
				A43F69AA21C2E7A4005F8C1F /* Frameworks */,
				A43F69AB21C2E7A4005F8C1F /* Resources */,
			);
			buildRules = (
			);
			dependencies = (
				A43F69AF21C2E7A4005F8C1F /* PBXTargetDependency */,
			);
			name = "Carloudy-WeatherTests";
			productName = "Carloudy-WeatherTests";
			productReference = A43F69AD21C2E7A4005F8C1F /* Carloudy-WeatherTests.xctest */;
			productType = "com.apple.product-type.bundle.unit-test";
		};
/* End PBXNativeTarget section */

/* Begin PBXProject section */
		A43F699121C2E7A1005F8C1F /* Project object */ = {
			isa = PBXProject;
			attributes = {
				LastSwiftUpdateCheck = 1010;
				LastUpgradeCheck = 1010;
				ORGANIZATIONNAME = cognitiveAI;
				TargetAttributes = {
					A43F699821C2E7A1005F8C1F = {
						CreatedOnToolsVersion = 10.1;
					};
					A43F69AC21C2E7A4005F8C1F = {
						CreatedOnToolsVersion = 10.1;
						TestTargetID = A43F699821C2E7A1005F8C1F;
					};
				};
			};
			buildConfigurationList = A43F699421C2E7A1005F8C1F /* Build configuration list for PBXProject "Carloudy-Weather" */;
			compatibilityVersion = "Xcode 9.3";
			developmentRegion = en;
			hasScannedForEncodings = 0;
			knownRegions = (
				en,
				Base,
			);
			mainGroup = A43F699021C2E7A1005F8C1F;
			productRefGroup = A43F699A21C2E7A1005F8C1F /* Products */;
			projectDirPath = "";
			projectRoot = "";
			targets = (
				A43F699821C2E7A1005F8C1F /* Carloudy-Weather */,
				A43F69AC21C2E7A4005F8C1F /* Carloudy-WeatherTests */,
			);
		};
/* End PBXProject section */

/* Begin PBXResourcesBuildPhase section */
		A43F699721C2E7A1005F8C1F /* Resources */ = {
			isa = PBXResourcesBuildPhase;
			buildActionMask = 2147483647;
			files = (
				A43F69A721C2E7A4005F8C1F /* LaunchScreen.storyboard in Resources */,
				380D232F21C5F39D0036D1B1 /* Apple Chancery.ttf in Resources */,
				A43F69A421C2E7A4005F8C1F /* Assets.xcassets in Resources */,
				A43F69E121C455E1005F8C1F /* MainContentTableViewCell.xib in Resources */,
			);
			runOnlyForDeploymentPostprocessing = 0;
		};
		A43F69AB21C2E7A4005F8C1F /* Resources */ = {
			isa = PBXResourcesBuildPhase;
			buildActionMask = 2147483647;
			files = (
			);
			runOnlyForDeploymentPostprocessing = 0;
		};
/* End PBXResourcesBuildPhase section */

/* Begin PBXShellScriptBuildPhase section */
		165C3BE4F50FA4AB1986BC26 /* [CP] Embed Pods Frameworks */ = {
			isa = PBXShellScriptBuildPhase;
			buildActionMask = 2147483647;
			files = (
			);
			inputPaths = (
				"${SRCROOT}/Pods/Target Support Files/Pods-Carloudy-Weather/Pods-Carloudy-Weather-frameworks.sh",
				"${BUILT_PRODUCTS_DIR}/Alamofire/Alamofire.framework",
				"${BUILT_PRODUCTS_DIR}/CarloudyiOS/CarloudyiOS.framework",
				"${BUILT_PRODUCTS_DIR}/CryptoSwift/CryptoSwift.framework",
			);
			name = "[CP] Embed Pods Frameworks";
			outputPaths = (
				"${TARGET_BUILD_DIR}/${FRAMEWORKS_FOLDER_PATH}/Alamofire.framework",
				"${TARGET_BUILD_DIR}/${FRAMEWORKS_FOLDER_PATH}/CarloudyiOS.framework",
				"${TARGET_BUILD_DIR}/${FRAMEWORKS_FOLDER_PATH}/CryptoSwift.framework",
			);
			runOnlyForDeploymentPostprocessing = 0;
			shellPath = /bin/sh;
			shellScript = "\"${SRCROOT}/Pods/Target Support Files/Pods-Carloudy-Weather/Pods-Carloudy-Weather-frameworks.sh\"\n";
			showEnvVarsInLog = 0;
		};
		529E60F57BEF1C85C9A52FD8 /* [CP] Check Pods Manifest.lock */ = {
			isa = PBXShellScriptBuildPhase;
			buildActionMask = 2147483647;
			files = (
			);
			inputPaths = (
				"${PODS_PODFILE_DIR_PATH}/Podfile.lock",
				"${PODS_ROOT}/Manifest.lock",
			);
			name = "[CP] Check Pods Manifest.lock";
			outputPaths = (
				"$(DERIVED_FILE_DIR)/Pods-Carloudy-WeatherTests-checkManifestLockResult.txt",
			);
			runOnlyForDeploymentPostprocessing = 0;
			shellPath = /bin/sh;
			shellScript = "diff \"${PODS_PODFILE_DIR_PATH}/Podfile.lock\" \"${PODS_ROOT}/Manifest.lock\" > /dev/null\nif [ $? != 0 ] ; then\n    # print error to STDERR\n    echo \"error: The sandbox is not in sync with the Podfile.lock. Run 'pod install' or update your CocoaPods installation.\" >&2\n    exit 1\nfi\n# This output is used by Xcode 'outputs' to avoid re-running this script phase.\necho \"SUCCESS\" > \"${SCRIPT_OUTPUT_FILE_0}\"\n";
			showEnvVarsInLog = 0;
		};
		C9B1DA84A484758E97F0A999 /* [CP] Check Pods Manifest.lock */ = {
			isa = PBXShellScriptBuildPhase;
			buildActionMask = 2147483647;
			files = (
			);
			inputPaths = (
				"${PODS_PODFILE_DIR_PATH}/Podfile.lock",
				"${PODS_ROOT}/Manifest.lock",
			);
			name = "[CP] Check Pods Manifest.lock";
			outputPaths = (
				"$(DERIVED_FILE_DIR)/Pods-Carloudy-Weather-checkManifestLockResult.txt",
			);
			runOnlyForDeploymentPostprocessing = 0;
			shellPath = /bin/sh;
			shellScript = "diff \"${PODS_PODFILE_DIR_PATH}/Podfile.lock\" \"${PODS_ROOT}/Manifest.lock\" > /dev/null\nif [ $? != 0 ] ; then\n    # print error to STDERR\n    echo \"error: The sandbox is not in sync with the Podfile.lock. Run 'pod install' or update your CocoaPods installation.\" >&2\n    exit 1\nfi\n# This output is used by Xcode 'outputs' to avoid re-running this script phase.\necho \"SUCCESS\" > \"${SCRIPT_OUTPUT_FILE_0}\"\n";
			showEnvVarsInLog = 0;
		};
/* End PBXShellScriptBuildPhase section */

/* Begin PBXSourcesBuildPhase section */
		A43F699521C2E7A1005F8C1F /* Sources */ = {
			isa = PBXSourcesBuildPhase;
			buildActionMask = 2147483647;
			files = (
				A43F69D921C43E99005F8C1F /* MainContentViewHeader.swift in Sources */,
				A43F69CE21C2FE53005F8C1F /* NetworkTools.swift in Sources */,
				A43F69CA21C2F8C7005F8C1F /* Commons_API.swift in Sources */,
				38595EC421C5FD5D00A20673 /* MainHeaderViewModel.swift in Sources */,
				380D232B21C5BA7F0036D1B1 /* MainCollectionView.swift in Sources */,
				A43F69C821C2F856005F8C1F /* SearchFirstViewCell.swift in Sources */,
				A43F69DB21C446FA005F8C1F /* MainContentViewCell.swift in Sources */,
				3814F3A021C3593A00CCE1EE /* UIScrollView+ParallaxHeader.swift in Sources */,
				A45112D921C85909003783D1 /* Commons_variable.swift in Sources */,
				A43F69E321C45885005F8C1F /* MainContentTableView.swift in Sources */,
				A43F69D221C30204005F8C1F /* SearchModel.swift in Sources */,
				A43F69C421C2F41B005F8C1F /* SearchViewController.swift in Sources */,
				A43F69E021C455E1005F8C1F /* MainContentTableViewCell.swift in Sources */,
				A43F69BE21C2F18B005F8C1F /* Extension.swift in Sources */,
				A43F699F21C2E7A1005F8C1F /* MainViewController.swift in Sources */,
				38595ECC21C5FDB200A20673 /* CollectionModel.swift in Sources */,
				A43F69D521C419B5005F8C1F /* PageTitleView.swift in Sources */,
				A43F69D021C301E1005F8C1F /* SearchViewModel.swift in Sources */,
				3814F39921C358A000CCE1EE /* MineHead.swift in Sources */,
				3814F39E21C3593A00CCE1EE /* ParallaxHeader.swift in Sources */,
				A43F699D21C2E7A1005F8C1F /* AppDelegate.swift in Sources */,
				38595ECE21C5FDB800A20673 /* TableModel.swift in Sources */,
				A43F69C121C2F367005F8C1F /* SettingViewController.swift in Sources */,
				A45112D721C84F38003783D1 /* UnitViewController.swift in Sources */,
				38595ECA21C5FDAA00A20673 /* HeaderModel.swift in Sources */,
				3814F39F21C3593A00CCE1EE /* ParallaxHeaderMode.swift in Sources */,
				38595EC621C5FD6D00A20673 /* MainCollectionViewModel.swift in Sources */,
				A43F69D721C4226B005F8C1F /* MainContentView.swift in Sources */,
				3814F39721C34A1400CCE1EE /* SearchSecondViewCell.swift in Sources */,
				38595EC821C5FD7900A20673 /* MainTableViewModel.swift in Sources */,
				A43F6A1121C82FC3005F8C1F /* BaseViewController.swift in Sources */,
			);
			runOnlyForDeploymentPostprocessing = 0;
		};
		A43F69A921C2E7A4005F8C1F /* Sources */ = {
			isa = PBXSourcesBuildPhase;
			buildActionMask = 2147483647;
			files = (
				A43F69B221C2E7A4005F8C1F /* Carloudy_WeatherTests.swift in Sources */,
			);
			runOnlyForDeploymentPostprocessing = 0;
		};
/* End PBXSourcesBuildPhase section */

/* Begin PBXTargetDependency section */
		A43F69AF21C2E7A4005F8C1F /* PBXTargetDependency */ = {
			isa = PBXTargetDependency;
			target = A43F699821C2E7A1005F8C1F /* Carloudy-Weather */;
			targetProxy = A43F69AE21C2E7A4005F8C1F /* PBXContainerItemProxy */;
		};
/* End PBXTargetDependency section */

/* Begin PBXVariantGroup section */
		A43F69A521C2E7A4005F8C1F /* LaunchScreen.storyboard */ = {
			isa = PBXVariantGroup;
			children = (
				A43F69A621C2E7A4005F8C1F /* Base */,
			);
			name = LaunchScreen.storyboard;
			sourceTree = "<group>";
		};
/* End PBXVariantGroup section */

/* Begin XCBuildConfiguration section */
		A43F69B421C2E7A4005F8C1F /* Debug */ = {
			isa = XCBuildConfiguration;
			buildSettings = {
				ALWAYS_SEARCH_USER_PATHS = NO;
				CLANG_ANALYZER_NONNULL = YES;
				CLANG_ANALYZER_NUMBER_OBJECT_CONVERSION = YES_AGGRESSIVE;
				CLANG_CXX_LANGUAGE_STANDARD = "gnu++14";
				CLANG_CXX_LIBRARY = "libc++";
				CLANG_ENABLE_MODULES = YES;
				CLANG_ENABLE_OBJC_ARC = YES;
				CLANG_ENABLE_OBJC_WEAK = YES;
				CLANG_WARN_BLOCK_CAPTURE_AUTORELEASING = YES;
				CLANG_WARN_BOOL_CONVERSION = YES;
				CLANG_WARN_COMMA = YES;
				CLANG_WARN_CONSTANT_CONVERSION = YES;
				CLANG_WARN_DEPRECATED_OBJC_IMPLEMENTATIONS = YES;
				CLANG_WARN_DIRECT_OBJC_ISA_USAGE = YES_ERROR;
				CLANG_WARN_DOCUMENTATION_COMMENTS = YES;
				CLANG_WARN_EMPTY_BODY = YES;
				CLANG_WARN_ENUM_CONVERSION = YES;
				CLANG_WARN_INFINITE_RECURSION = YES;
				CLANG_WARN_INT_CONVERSION = YES;
				CLANG_WARN_NON_LITERAL_NULL_CONVERSION = YES;
				CLANG_WARN_OBJC_IMPLICIT_RETAIN_SELF = YES;
				CLANG_WARN_OBJC_LITERAL_CONVERSION = YES;
				CLANG_WARN_OBJC_ROOT_CLASS = YES_ERROR;
				CLANG_WARN_RANGE_LOOP_ANALYSIS = YES;
				CLANG_WARN_STRICT_PROTOTYPES = YES;
				CLANG_WARN_SUSPICIOUS_MOVE = YES;
				CLANG_WARN_UNGUARDED_AVAILABILITY = YES_AGGRESSIVE;
				CLANG_WARN_UNREACHABLE_CODE = YES;
				CLANG_WARN__DUPLICATE_METHOD_MATCH = YES;
				CODE_SIGN_IDENTITY = "iPhone Developer";
				COPY_PHASE_STRIP = NO;
				DEBUG_INFORMATION_FORMAT = dwarf;
				ENABLE_STRICT_OBJC_MSGSEND = YES;
				ENABLE_TESTABILITY = YES;
				GCC_C_LANGUAGE_STANDARD = gnu11;
				GCC_DYNAMIC_NO_PIC = NO;
				GCC_NO_COMMON_BLOCKS = YES;
				GCC_OPTIMIZATION_LEVEL = 0;
				GCC_PREPROCESSOR_DEFINITIONS = (
					"DEBUG=1",
					"$(inherited)",
				);
				GCC_WARN_64_TO_32_BIT_CONVERSION = YES;
				GCC_WARN_ABOUT_RETURN_TYPE = YES_ERROR;
				GCC_WARN_UNDECLARED_SELECTOR = YES;
				GCC_WARN_UNINITIALIZED_AUTOS = YES_AGGRESSIVE;
				GCC_WARN_UNUSED_FUNCTION = YES;
				GCC_WARN_UNUSED_VARIABLE = YES;
				IPHONEOS_DEPLOYMENT_TARGET = 12.1;
				MTL_ENABLE_DEBUG_INFO = INCLUDE_SOURCE;
				MTL_FAST_MATH = YES;
				ONLY_ACTIVE_ARCH = YES;
				SDKROOT = iphoneos;
				SWIFT_ACTIVE_COMPILATION_CONDITIONS = DEBUG;
				SWIFT_OPTIMIZATION_LEVEL = "-Onone";
			};
			name = Debug;
		};
		A43F69B521C2E7A4005F8C1F /* Release */ = {
			isa = XCBuildConfiguration;
			buildSettings = {
				ALWAYS_SEARCH_USER_PATHS = NO;
				CLANG_ANALYZER_NONNULL = YES;
				CLANG_ANALYZER_NUMBER_OBJECT_CONVERSION = YES_AGGRESSIVE;
				CLANG_CXX_LANGUAGE_STANDARD = "gnu++14";
				CLANG_CXX_LIBRARY = "libc++";
				CLANG_ENABLE_MODULES = YES;
				CLANG_ENABLE_OBJC_ARC = YES;
				CLANG_ENABLE_OBJC_WEAK = YES;
				CLANG_WARN_BLOCK_CAPTURE_AUTORELEASING = YES;
				CLANG_WARN_BOOL_CONVERSION = YES;
				CLANG_WARN_COMMA = YES;
				CLANG_WARN_CONSTANT_CONVERSION = YES;
				CLANG_WARN_DEPRECATED_OBJC_IMPLEMENTATIONS = YES;
				CLANG_WARN_DIRECT_OBJC_ISA_USAGE = YES_ERROR;
				CLANG_WARN_DOCUMENTATION_COMMENTS = YES;
				CLANG_WARN_EMPTY_BODY = YES;
				CLANG_WARN_ENUM_CONVERSION = YES;
				CLANG_WARN_INFINITE_RECURSION = YES;
				CLANG_WARN_INT_CONVERSION = YES;
				CLANG_WARN_NON_LITERAL_NULL_CONVERSION = YES;
				CLANG_WARN_OBJC_IMPLICIT_RETAIN_SELF = YES;
				CLANG_WARN_OBJC_LITERAL_CONVERSION = YES;
				CLANG_WARN_OBJC_ROOT_CLASS = YES_ERROR;
				CLANG_WARN_RANGE_LOOP_ANALYSIS = YES;
				CLANG_WARN_STRICT_PROTOTYPES = YES;
				CLANG_WARN_SUSPICIOUS_MOVE = YES;
				CLANG_WARN_UNGUARDED_AVAILABILITY = YES_AGGRESSIVE;
				CLANG_WARN_UNREACHABLE_CODE = YES;
				CLANG_WARN__DUPLICATE_METHOD_MATCH = YES;
				CODE_SIGN_IDENTITY = "iPhone Developer";
				COPY_PHASE_STRIP = NO;
				DEBUG_INFORMATION_FORMAT = "dwarf-with-dsym";
				ENABLE_NS_ASSERTIONS = NO;
				ENABLE_STRICT_OBJC_MSGSEND = YES;
				GCC_C_LANGUAGE_STANDARD = gnu11;
				GCC_NO_COMMON_BLOCKS = YES;
				GCC_WARN_64_TO_32_BIT_CONVERSION = YES;
				GCC_WARN_ABOUT_RETURN_TYPE = YES_ERROR;
				GCC_WARN_UNDECLARED_SELECTOR = YES;
				GCC_WARN_UNINITIALIZED_AUTOS = YES_AGGRESSIVE;
				GCC_WARN_UNUSED_FUNCTION = YES;
				GCC_WARN_UNUSED_VARIABLE = YES;
				IPHONEOS_DEPLOYMENT_TARGET = 12.1;
				MTL_ENABLE_DEBUG_INFO = NO;
				MTL_FAST_MATH = YES;
				SDKROOT = iphoneos;
				SWIFT_COMPILATION_MODE = wholemodule;
				SWIFT_OPTIMIZATION_LEVEL = "-O";
				VALIDATE_PRODUCT = YES;
			};
			name = Release;
		};
		A43F69B721C2E7A4005F8C1F /* Debug */ = {
			isa = XCBuildConfiguration;
			baseConfigurationReference = 4107A6594C144F16C5C81E7E /* Pods-Carloudy-Weather.debug.xcconfig */;
			buildSettings = {
				ASSETCATALOG_COMPILER_APPICON_NAME = AppIcon;
				CODE_SIGN_IDENTITY = "iPhone Developer";
				CODE_SIGN_STYLE = Automatic;
				DEVELOPMENT_TEAM = TJEC8LNQP8;
				INFOPLIST_FILE = "Carloudy-Weather/Info.plist";
				IPHONEOS_DEPLOYMENT_TARGET = 11.0;
				LD_RUNPATH_SEARCH_PATHS = (
					"$(inherited)",
					"@executable_path/Frameworks",
				);
				PRODUCT_BUNDLE_IDENTIFIER = "cognitiveAI.Carloudy-Weather1";
				PRODUCT_NAME = "$(TARGET_NAME)";
				PROVISIONING_PROFILE_SPECIFIER = "";
				SWIFT_VERSION = 4.2;
				TARGETED_DEVICE_FAMILY = "1,2";
			};
			name = Debug;
		};
		A43F69B821C2E7A4005F8C1F /* Release */ = {
			isa = XCBuildConfiguration;
			baseConfigurationReference = B574C23964FB71F98B3E4FF6 /* Pods-Carloudy-Weather.release.xcconfig */;
			buildSettings = {
				ASSETCATALOG_COMPILER_APPICON_NAME = AppIcon;
				CODE_SIGN_IDENTITY = "iPhone Developer";
				CODE_SIGN_STYLE = Automatic;
				DEVELOPMENT_TEAM = TJEC8LNQP8;
				INFOPLIST_FILE = "Carloudy-Weather/Info.plist";
				IPHONEOS_DEPLOYMENT_TARGET = 11.0;
				LD_RUNPATH_SEARCH_PATHS = (
					"$(inherited)",
					"@executable_path/Frameworks",
				);
				PRODUCT_BUNDLE_IDENTIFIER = "cognitiveAI.Carloudy-Weather1";
				PRODUCT_NAME = "$(TARGET_NAME)";
				PROVISIONING_PROFILE_SPECIFIER = "";
				SWIFT_VERSION = 4.2;
				TARGETED_DEVICE_FAMILY = "1,2";
			};
			name = Release;
		};
		A43F69BA21C2E7A4005F8C1F /* Debug */ = {
			isa = XCBuildConfiguration;
			baseConfigurationReference = B01233311F248FE756306118 /* Pods-Carloudy-WeatherTests.debug.xcconfig */;
			buildSettings = {
				ALWAYS_EMBED_SWIFT_STANDARD_LIBRARIES = YES;
				BUNDLE_LOADER = "$(TEST_HOST)";
				CODE_SIGN_STYLE = Automatic;
				DEVELOPMENT_TEAM = TJEC8LNQP8;
				INFOPLIST_FILE = "Carloudy-WeatherTests/Info.plist";
				LD_RUNPATH_SEARCH_PATHS = (
					"$(inherited)",
					"@executable_path/Frameworks",
					"@loader_path/Frameworks",
				);
				PRODUCT_BUNDLE_IDENTIFIER = "cognitiveAI.Carloudy-WeatherTests";
				PRODUCT_NAME = "$(TARGET_NAME)";
				SWIFT_VERSION = 4.2;
				TARGETED_DEVICE_FAMILY = "1,2";
				TEST_HOST = "$(BUILT_PRODUCTS_DIR)/Carloudy-Weather.app/Carloudy-Weather";
			};
			name = Debug;
		};
		A43F69BB21C2E7A4005F8C1F /* Release */ = {
			isa = XCBuildConfiguration;
			baseConfigurationReference = 6D89F284ACA709506FBDFA38 /* Pods-Carloudy-WeatherTests.release.xcconfig */;
			buildSettings = {
				ALWAYS_EMBED_SWIFT_STANDARD_LIBRARIES = YES;
				BUNDLE_LOADER = "$(TEST_HOST)";
				CODE_SIGN_STYLE = Automatic;
				DEVELOPMENT_TEAM = TJEC8LNQP8;
				INFOPLIST_FILE = "Carloudy-WeatherTests/Info.plist";
				LD_RUNPATH_SEARCH_PATHS = (
					"$(inherited)",
					"@executable_path/Frameworks",
					"@loader_path/Frameworks",
				);
				PRODUCT_BUNDLE_IDENTIFIER = "cognitiveAI.Carloudy-WeatherTests";
				PRODUCT_NAME = "$(TARGET_NAME)";
				SWIFT_VERSION = 4.2;
				TARGETED_DEVICE_FAMILY = "1,2";
				TEST_HOST = "$(BUILT_PRODUCTS_DIR)/Carloudy-Weather.app/Carloudy-Weather";
			};
			name = Release;
		};
/* End XCBuildConfiguration section */

/* Begin XCConfigurationList section */
		A43F699421C2E7A1005F8C1F /* Build configuration list for PBXProject "Carloudy-Weather" */ = {
			isa = XCConfigurationList;
			buildConfigurations = (
				A43F69B421C2E7A4005F8C1F /* Debug */,
				A43F69B521C2E7A4005F8C1F /* Release */,
			);
			defaultConfigurationIsVisible = 0;
			defaultConfigurationName = Release;
		};
		A43F69B621C2E7A4005F8C1F /* Build configuration list for PBXNativeTarget "Carloudy-Weather" */ = {
			isa = XCConfigurationList;
			buildConfigurations = (
				A43F69B721C2E7A4005F8C1F /* Debug */,
				A43F69B821C2E7A4005F8C1F /* Release */,
			);
			defaultConfigurationIsVisible = 0;
			defaultConfigurationName = Release;
		};
		A43F69B921C2E7A4005F8C1F /* Build configuration list for PBXNativeTarget "Carloudy-WeatherTests" */ = {
			isa = XCConfigurationList;
			buildConfigurations = (
				A43F69BA21C2E7A4005F8C1F /* Debug */,
				A43F69BB21C2E7A4005F8C1F /* Release */,
			);
			defaultConfigurationIsVisible = 0;
			defaultConfigurationName = Release;
		};
/* End XCConfigurationList section */
	};
	rootObject = A43F699121C2E7A1005F8C1F /* Project object */;
}
